
Microsoft Visual Studio Solution File, Format Version 12.00
# Visual Studio 14
VisualStudioVersion = 14.0.23107.0
MinimumVisualStudioVersion = 10.0.40219.1
Project("{FAE04EC0-301F-11D3-BF4B-00C04F79EFBC}") = "Communication", "Communication\Communication.csproj", "{51FEEB06-18D9-4C31-9CBA-7C50A6EC393B}"
EndProject
Project("{FAE04EC0-301F-11D3-BF4B-00C04F79EFBC}") = "CST_Common", "CST_Common\CST_Common.csproj", "{E871EFF5-08C9-464A-9A85-248F2C6A9E94}"
EndProject
Project("{FAE04EC0-301F-11D3-BF4B-00C04F79EFBC}") = "GenericAuthNameSpace", "GenericAuthNameSpace\GenericAuthNameSpace.csproj", "{D9CF94C5-DDEC-4E97-8D89-3FA01FCBBAB4}"
EndProject
Project("{FAE04EC0-301F-11D3-BF4B-00C04F79EFBC}") = "OpenIDConnectNameSpace", "OpenIDConnectNameSpace\OpenIDConnectNameSpace.csproj", "{1B74B308-E62E-419B-BE2C-610BAE70524A}"
EndProject
Project("{FAE04EC0-301F-11D3-BF4B-00C04F79EFBC}") = "OAuth20NameSpace", "OAuth20NameSpace\OAuth20NameSpace.csproj", "{1476F311-9A1D-4ACC-81A2-B33AAB5200C9}"
EndProject
Project("{FAE04EC0-301F-11D3-BF4B-00C04F79EFBC}") = "CST_Ops", "CST_Ops\CST_Ops.csproj", "{990DBF35-8090-4F83-B05C-6FDB27553929}"
EndProject
Project("{FAE04EC0-301F-11D3-BF4B-00C04F79EFBC}") = "OpenID20NameSpace", "OpenID20NameSpace\OpenID20NameSpace.csproj", "{080CCD99-E2F2-421E-84B0-233BB3D3AE54}"
EndProject
Global
	GlobalSection(SolutionConfigurationPlatforms) = preSolution
		Debug|Any CPU = Debug|Any CPU
		Release|Any CPU = Release|Any CPU
	EndGlobalSection
	GlobalSection(ProjectConfigurationPlatforms) = postSolution
		{51FEEB06-18D9-4C31-9CBA-7C50A6EC393B}.Debug|Any CPU.ActiveCfg = Debug|Any CPU
		{51FEEB06-18D9-4C31-9CBA-7C50A6EC393B}.Debug|Any CPU.Build.0 = Debug|Any CPU
		{51FEEB06-18D9-4C31-9CBA-7C50A6EC393B}.Release|Any CPU.ActiveCfg = Release|Any CPU
		{51FEEB06-18D9-4C31-9CBA-7C50A6EC393B}.Release|Any CPU.Build.0 = Release|Any CPU
		{E871EFF5-08C9-464A-9A85-248F2C6A9E94}.Debug|Any CPU.ActiveCfg = Debug|Any CPU
		{E871EFF5-08C9-464A-9A85-248F2C6A9E94}.Debug|Any CPU.Build.0 = Debug|Any CPU
		{E871EFF5-08C9-464A-9A85-248F2C6A9E94}.Release|Any CPU.ActiveCfg = Release|Any CPU
		{E871EFF5-08C9-464A-9A85-248F2C6A9E94}.Release|Any CPU.Build.0 = Release|Any CPU
		{D9CF94C5-DDEC-4E97-8D89-3FA01FCBBAB4}.Debug|Any CPU.ActiveCfg = Debug|Any CPU
		{D9CF94C5-DDEC-4E97-8D89-3FA01FCBBAB4}.Debug|Any CPU.Build.0 = Debug|Any CPU
		{D9CF94C5-DDEC-4E97-8D89-3FA01FCBBAB4}.Release|Any CPU.ActiveCfg = Release|Any CPU
		{D9CF94C5-DDEC-4E97-8D89-3FA01FCBBAB4}.Release|Any CPU.Build.0 = Release|Any CPU
		{1B74B308-E62E-419B-BE2C-610BAE70524A}.Debug|Any CPU.ActiveCfg = Debug|Any CPU
		{1B74B308-E62E-419B-BE2C-610BAE70524A}.Debug|Any CPU.Build.0 = Debug|Any CPU
		{1B74B308-E62E-419B-BE2C-610BAE70524A}.Release|Any CPU.ActiveCfg = Release|Any CPU
		{1B74B308-E62E-419B-BE2C-610BAE70524A}.Release|Any CPU.Build.0 = Release|Any CPU
		{1476F311-9A1D-4ACC-81A2-B33AAB5200C9}.Debug|Any CPU.ActiveCfg = Debug|Any CPU
		{1476F311-9A1D-4ACC-81A2-B33AAB5200C9}.Debug|Any CPU.Build.0 = Debug|Any CPU
		{1476F311-9A1D-4ACC-81A2-B33AAB5200C9}.Release|Any CPU.ActiveCfg = Release|Any CPU
		{1476F311-9A1D-4ACC-81A2-B33AAB5200C9}.Release|Any CPU.Build.0 = Release|Any CPU
		{990DBF35-8090-4F83-B05C-6FDB27553929}.Debug|Any CPU.ActiveCfg = Debug|Any CPU
		{990DBF35-8090-4F83-B05C-6FDB27553929}.Debug|Any CPU.Build.0 = Debug|Any CPU
		{990DBF35-8090-4F83-B05C-6FDB27553929}.Release|Any CPU.ActiveCfg = Release|Any CPU
		{990DBF35-8090-4F83-B05C-6FDB27553929}.Release|Any CPU.Build.0 = Release|Any CPU
		{080CCD99-E2F2-421E-84B0-233BB3D3AE54}.Debug|Any CPU.ActiveCfg = Debug|Any CPU
		{080CCD99-E2F2-421E-84B0-233BB3D3AE54}.Debug|Any CPU.Build.0 = Debug|Any CPU
		{080CCD99-E2F2-421E-84B0-233BB3D3AE54}.Release|Any CPU.ActiveCfg = Release|Any CPU
		{080CCD99-E2F2-421E-84B0-233BB3D3AE54}.Release|Any CPU.Build.0 = Release|Any CPU
	EndGlobalSection
	GlobalSection(SolutionProperties) = preSolution
		HideSolutionNode = FALSE
	EndGlobalSection
EndGlobal
